
Microsoft Visual Studio Solution File, Format Version 12.00
# Visual Studio 15
VisualStudioVersion = 15.0.26730.15
MinimumVisualStudioVersion = 10.0.40219.1
Project("{9A19103F-16F7-4668-BE54-9A1E7A4F7556}") = "MyWebApp", "MyWebApp\MyWebApp.csproj", "{5F70EC99-758A-45F2-A76C-EAA363B62DA5}"
EndProject
Project("{E53339B2-1760-4266-BCC7-CA923CBCF16C}") = "docker-compose", "docker-compose.dcproj", "{31752BEF-B504-4EC7-AD6B-ADE96C5F8F01}"
EndProject
Global
	GlobalSection(SolutionConfigurationPlatforms) = preSolution
		Debug|Any CPU = Debug|Any CPU
		Release|Any CPU = Release|Any CPU
	EndGlobalSection
	GlobalSection(ProjectConfigurationPlatforms) = postSolution
		{5F70EC99-758A-45F2-A76C-EAA363B62DA5}.Debug|Any CPU.ActiveCfg = Debug|Any CPU
		{5F70EC99-758A-45F2-A76C-EAA363B62DA5}.Debug|Any CPU.Build.0 = Debug|Any CPU
		{5F70EC99-758A-45F2-A76C-EAA363B62DA5}.Release|Any CPU.ActiveCfg = Release|Any CPU
		{5F70EC99-758A-45F2-A76C-EAA363B62DA5}.Release|Any CPU.Build.0 = Release|Any CPU
		{31752BEF-B504-4EC7-AD6B-ADE96C5F8F01}.Debug|Any CPU.ActiveCfg = Debug|Any CPU
		{31752BEF-B504-4EC7-AD6B-ADE96C5F8F01}.Debug|Any CPU.Build.0 = Debug|Any CPU
		{31752BEF-B504-4EC7-AD6B-ADE96C5F8F01}.Release|Any CPU.ActiveCfg = Release|Any CPU
		{31752BEF-B504-4EC7-AD6B-ADE96C5F8F01}.Release|Any CPU.Build.0 = Release|Any CPU
	EndGlobalSection
	GlobalSection(SolutionProperties) = preSolution
		HideSolutionNode = FALSE
	EndGlobalSection
	GlobalSection(ExtensibilityGlobals) = postSolution
		SolutionGuid = {F6E199D6-2F1A-4C77-8AD3-5D75CA9BDD4B}
	EndGlobalSection
EndGlobal
